github.com/AndreasBriese/bbloom v0.0.0-20180913140656-343706a395b7 h1:PqzgE6kAMi81xWQA2QIVxjWkFHptGgC547vchpUbtFo=
github.com/AndreasBriese/bbloom v0.0.0-20180913140656-343706a395b7/go.mod h1:bOvUY6CB00SOBii9/FifXqc0awNKxLFCL/+pkDPuyl8=
github.com/aws/aws-sdk-go v1.30.9 h1:DntpBUKkchINPDbhEzDRin1eEn1TG9TZFlzWPf0i8to=
github.com/aws/aws-sdk-go v1.30.9/go.mod h1:5zCpMtNQVjRREroY7sYe8lOMRSxkhG6MZveU8YkpAk0=
github.com/aws/aws-sdk-go v1.30.11 h1:bJoa1QGyyAV4COx1SXpf+LElFVVnOreG6KM0jIxwZq0=
github.com/aws/aws-sdk-go v1.30.11/go.mod h1:5zCpMtNQVjRREroY7sYe8lOMRSxkhG6MZveU8YkpAk0=
github.com/aws/aws-sdk-go v1.30.29 h1:NXNqBS9hjOCpDL8SyCyl38gZX3LLLunKOJc5E7vJ8P0=
github.com/aws/aws-sdk-go v1.30.29/go.mod h1:5zCpMtNQVjRREroY7sYe8lOMRSxkhG6MZveU8YkpAk0=
github.com/aws/aws-sdk-go v1.31.0 h1:ITLZ0oy7IOB1NGt2Ee75bLevBaH1jaAXE2eyGbPRbCg=
github.com/aws/aws-sdk-go v1.31.0/go.mod h1:5zCpMtNQVjRREroY7sYe8lOMRSxkhG6MZveU8YkpAk0=
github.com/creack/pty v1.1.9/go.mod h1:oKZEueFk5CKHvIhNR5MUki03XCEU+Q6VDXinZuGJ33E=
github.com/davecgh/go-spew v1.1.0/go.mod h1:J7Y8YcW2NihsgmVo/mv3lAwl/skON4iLHjSsI+c5H38=
github.com/davecgh/go-spew v1.1.1/go.mod h1:J7Y8YcW2NihsgmVo/mv3lAwl/skON4iLHjSsI+c5H38=
github.com/dgraph-io/badger v1.5.4 h1:gVTrpUTbbr/T24uvoCaqY2KSHfNLVGm0w+hbee2HMeg=
github.com/dgraph-io/badger v1.5.4/go.mod h1:VZxzAIRPHRVNRKRo6AXrX9BJegn6il06VMTZVJYCIjQ=
github.com/dgryski/go-farm v0.0.0-20180109070241-2de33835d102 h1:afESQBXJEnj3fu+34X//E8Wg3nEbMJxJkwSc0tPePK0=
github.com/dgryski/go-farm v0.0.0-20180109070241-2de33835d102/go.mod h1:SqUrOPUnsFjfmXRMNPybcSiG0BgUW2AuFH8PAnS2iTw=
github.com/fitquick/dynamodb-examples v0.0.0-20170404215933-c4f9e8b3181d/go.mod h1:II0HWX6R2+FCNaZFKlNCAbr1zOkK+VndxM0+mh4lBP8=
github.com/go-ready-blockchain/blockchain-go-core v0.0.0-20200508173507-d5a599efda93 h1:2P/n3S5/RZ8eJ6doL+KSJNr//yDBN5viFrWUfMUDbDA=
github.com/go-ready-blockchain/blockchain-go-core v0.0.0-20200508173507-d5a599efda93/go.mod h1:dJvb5+Tc/m2+3rlfnbYKqTa6GTZWkwUvme4y/aBglHI=
github.com/go-ready-blockchain/blockchain-go-core v0.0.0-20200511185950-c669065eb254 h1:cWiIUhOp8sm6WpEKYGnaYJkKujskHRc+Wj1NTFnySuw=
github.com/go-ready-blockchain/blockchain-go-core v0.0.0-20200511185950-c669065eb254/go.mod h1:WcwpUYjdxad3E87W9UJ97hHPPYOtPk5U7+U1CVtSNe8=
github.com/go-ready-blockchain/blockchain-go-core v0.0.0-20200512190952-421166cb54bb h1:NzLMxra96/8OQ3qc+V65RDQYl0fboNVxVu3kn9Tq5UY=
github.com/go-ready-blockchain/blockchain-go-core v0.0.0-20200512190952-421166cb54bb/go.mod h1:WcwpUYjdxad3E87W9UJ97hHPPYOtPk5U7+U1CVtSNe8=
github.com/go-ready-blockchain/blockchain-go-core v0.0.0-20200517222535-5fc9ad58d947 h1:SGmOYyrz9lFMvbazzL+v3QOHjBxRGjHE/oFnuVH7ZdQ=
github.com/go-ready-blockchain/blockchain-go-core v0.0.0-20200517222535-5fc9ad58d947/go.mod h1:WcwpUYjdxad3E87W9UJ97hHPPYOtPk5U7+U1CVtSNe8=
github.com/go-ready-blockchain/blockchain-go-core v0.0.0-20200521203920-e58cef812d6f h1:X7ngUCXp4ys/kOrqhcTHbgbvS+OegUI47jiwvUjzs3U=
github.com/go-ready-blockchain/blockchain-go-core v0.0.0-20200521203920-e58cef812d6f/go.mod h1:2r6PnJtPTSyPmvQ4+645biLxBGTAg30993YwgNt81Hg=
github.com/go-ready-blockchain/blockchain-go-core v0.0.0-20200523044543-678471b10c9b h1:wrO9qQxkCF3sXYYy9oTFKT+W7hXfvOVhdscK28nZjrY=
github.com/go-ready-blockchain/blockchain-go-core v0.0.0-20200523044543-678471b10c9b/go.mod h1:2r6PnJtPTSyPmvQ4+645biLxBGTAg30993YwgNt81Hg=
github.com/go-sql-driver/mysql v1.5.0/go.mod h1:DCzpHaOWr8IXmIStZouvnhqoel9Qv2LBy8hT2VhHyBg=
github.com/golang/protobuf v1.2.0 h1:P3YflyNX/ehuJFLhxviNdFxQPkGK5cDcApsge1SqnvM=
github.com/golang/protobuf v1.2.0/go.mod h1:6lQm79b+lXiMfvg/cZm0SGofjICqVBUtrP5yJMmIC1U=
github.com/jmespath/go-jmespath v0.3.0 h1:OS12ieG61fsCg5+qLJ+SsW9NicxNkg3b25OyT2yCeUc=
github.com/jmespath/go-jmespath v0.3.0/go.mod h1:9QtRXoHjLGCJ5IBSaohpXITPlowMeeYCZ7fLUTSywik=
github.com/jugalw13/consensus-algorithm v0.0.0-20200407184044-6b565d9e09ad h1:k+7AviL7dYS6FgrVoJlm5TV9SSldidOJaPEJRvWU5Pg=
github.com/jugalw13/consensus-algorithm v0.0.0-20200412182628-dd9d163fbb72 h1:SUfLHBaQ0lg0+7S17DvMLsxmFYav2C1t5G//lYx6H3M=
github.com/kr/pty v1.1.1/go.mod h1:pFQYn66WHrOpPYNljwOMqo10TkYh1fy3cYio2l3bCsQ=
github.com/kr/text v0.1.0/go.mod h1:4Jbv+DJW3UT/LiOwJeYQe1efqtUx/iVham/4vfdArNI=
github.com/kr/text v0.2.0/go.mod h1:eLer722TekiGuMkidMxC/pM04lWEeraHUUmBw8l2grE=
github.com/niemeyer/pretty v0.0.0-20200227124842-a10e7caefd8e/go.mod h1:zD1mROLANZcx1PVRCS0qkT7pwLkGfwJo4zjcN/Tysno=
github.com/pkg/errors v0.8.0 h1:WdK/asTD0HN+q6hsWO3/vpuAkAr+tw6aNJNDFFf0+qw=
github.com/pkg/errors v0.8.0/go.mod h1:bwawxfHBFNV+L2hUp1rHADufV3IMtnDRdf1r5NINEl0=
github.com/pkg/errors v0.9.1/go.mod h1:bwawxfHBFNV+L2hUp1rHADufV3IMtnDRdf1r5NINEl0=
github.com/pmezard/go-difflib v1.0.0/go.mod h1:iKH77koFhYxTK1pcRnkKkqfTogsbg7gZNVY4sRDYZ/4=
github.com/stretchr/objx v0.1.0/go.mod h1:HFkY916IF+rwdDfMAkV7OtwuqBVzrE8GR6GFx+wExME=
github.com/stretchr/testify v1.5.1/go.mod h1:5W2xD1RspED5o8YsWQXVCued0rvSQ+mT+I5cxcmMvtA=
golang.org/x/crypto v0.0.0-20190308221718-c2843e01d9a2/go.mod h1:djNgcEr1/C05ACkg1iLfiJU5Ep61QUkGW8qpdssI0+w=
golang.org/x/net v0.0.0-20181023162649-9b4f9f5ad519 h1:x6rhz8Y9CjbgQkccRGmELH6K+LJj7tOoh3XWeC1yaQM=
golang.org/x/net v0.0.0-20181023162649-9b4f9f5ad519/go.mod h1:mL1N/T3taQHkDXs73rZJwtUhF3w3ftmwwsq0BUmARs4=
golang.org/x/net v0.0.0-20200202094626-16171245cfb2/go.mod h1:z5CRVTTTmAJ677TzLLGU+0bjPO0LkuOLi4/5GtJWs/s=
golang.org/x/net v0.0.0-20200513185701-a91f0712d120/go.mod h1:qpuaurCH72eLCgpAm/N6yyVIVM9cpaDIP3A8BGJEC5A=
golang.org/x/sys v0.0.0-20190215142949-d0b11bdaac8a/go.mod h1:STP8DvDyc/dI5b8T5hshtkjS+E42TnysNCUPdjciGhY=
golang.org/x/sys v0.0.0-20200323222414-85ca7c5b95cd/go.mod h1:h1NjWce9XRLGQEsW7wpKNCjG9DtNlClVuFLEZdDNbEs=
golang.org/x/sys v0.0.0-20200408040146-ea54a3c99b9b h1:h03Ur1RlPrGTjua4koYdpGl8W0eYo8p1uI9w7RPlkdk=
golang.org/x/sys v0.0.0-20200408040146-ea54a3c99b9b/go.mod h1:h1NjWce9XRLGQEsW7wpKNCjG9DtNlClVuFLEZdDNbEs=
golang.org/x/sys v0.0.0-20200409092240-59c9f1ba88fa h1:mQTN3ECqfsViCNBgq+A40vdwhkGykrrQlYe3mPj6BoU=
golang.org/x/sys v0.0.0-20200409092240-59c9f1ba88fa/go.mod h1:h1NjWce9XRLGQEsW7wpKNCjG9DtNlClVuFLEZdDNbEs=
golang.org/x/text v0.3.0/go.mod h1:NqM8EUOU14njkJ3fqMW+pc6Ldnwhi/IjpwHt7yyuwOQ=
golang.org/x/text v0.3.2/go.mod h1:bEr9sfX3Q8Zfm5fL9x+3itogRgK3+ptLWKqgva+5dAk=
golang.org/x/tools v0.0.0-20180917221912-90fa682c2a6e/go.mod h1:n7NCudcB/nEzxVGmLbDWY5pfWTLqBcC2KZ6jyYvM4mQ=
gopkg.in/check.v1 v0.0.0-20161208181325-20d25e280405/go.mod h1:Co6ibVJAznAaIkqp8huTwlJQCZ016jof/cbN4VW5Yz0=
gopkg.in/check.v1 v1.0.0-20200227125254-8fa46927fb4f/go.mod h1:Co6ibVJAznAaIkqp8huTwlJQCZ016jof/cbN4VW5Yz0=
gopkg.in/yaml.v2 v2.2.2/go.mod h1:hI93XBmqTisBFMUTm0b8Fm+jr3Dg1NNxqwp+5A1VGuI=
gopkg.in/yaml.v2 v2.3.0/go.mod h1:hI93XBmqTisBFMUTm0b8Fm+jr3Dg1NNxqwp+5A1VGuI=
